
Microsoft Visual Studio Solution File, Format Version 12.00
# Visual Studio Version 17
VisualStudioVersion = 17.10.35027.167
MinimumVisualStudioVersion = 10.0.40219.1
Project("{FAE04EC0-301F-11D3-BF4B-00C04F79EFBC}") = "JobPortal", "JobPortal\JobPortal.csproj", "{170D802C-D4E5-479E-8485-3C4900BF198C}"
EndProject
Global
	GlobalSection(SolutionConfigurationPlatforms) = preSolution
		Debug|Any CPU = Debug|Any CPU
		Release|Any CPU = Release|Any CPU
	EndGlobalSection
	GlobalSection(ProjectConfigurationPlatforms) = postSolution
		{170D802C-D4E5-479E-8485-3C4900BF198C}.Debug|Any CPU.ActiveCfg = Debug|Any CPU
		{170D802C-D4E5-479E-8485-3C4900BF198C}.Debug|Any CPU.Build.0 = Debug|Any CPU
		{170D802C-D4E5-479E-8485-3C4900BF198C}.Release|Any CPU.ActiveCfg = Release|Any CPU
		{170D802C-D4E5-479E-8485-3C4900BF198C}.Release|Any CPU.Build.0 = Release|Any CPU
	EndGlobalSection
	GlobalSection(SolutionProperties) = preSolution
		HideSolutionNode = FALSE
	EndGlobalSection
	GlobalSection(ExtensibilityGlobals) = postSolution
		SolutionGuid = {0E283D65-B38D-4BC4-8579-D1FDE22F6FD8}
	EndGlobalSection
EndGlobal
